
Microsoft Visual Studio Solution File, Format Version 12.00
# Visual Studio Version 17
VisualStudioVersion = 17.3.32901.215
MinimumVisualStudioVersion = 10.0.40219.1
Project("{FAE04EC0-301F-11D3-BF4B-00C04F79EFBC}") = "ZeroHunger", "ZeroHunger\ZeroHunger.csproj", "{19E365AE-9C70-4A91-A6D3-5BF34A8285E0}"
EndProject
Global
	GlobalSection(SolutionConfigurationPlatforms) = preSolution
		Debug|Any CPU = Debug|Any CPU
		Release|Any CPU = Release|Any CPU
	EndGlobalSection
	GlobalSection(ProjectConfigurationPlatforms) = postSolution
		{19E365AE-9C70-4A91-A6D3-5BF34A8285E0}.Debug|Any CPU.ActiveCfg = Debug|Any CPU
		{19E365AE-9C70-4A91-A6D3-5BF34A8285E0}.Debug|Any CPU.Build.0 = Debug|Any CPU
		{19E365AE-9C70-4A91-A6D3-5BF34A8285E0}.Release|Any CPU.ActiveCfg = Release|Any CPU
		{19E365AE-9C70-4A91-A6D3-5BF34A8285E0}.Release|Any CPU.Build.0 = Release|Any CPU
	EndGlobalSection
	GlobalSection(SolutionProperties) = preSolution
		HideSolutionNode = FALSE
	EndGlobalSection
	GlobalSection(ExtensibilityGlobals) = postSolution
		SolutionGuid = {25018448-7BDE-43CD-83DF-E4705A7EE009}
	EndGlobalSection
EndGlobal
